
Microsoft Visual Studio Solution File, Format Version 12.00
# Visual Studio 14
VisualStudioVersion = 14.0.24720.0
MinimumVisualStudioVersion = 10.0.40219.1
Project("{FAE04EC0-301F-11D3-BF4B-00C04F79EFBC}") = "AutoRenamer", "AutoRenamer\AutoRenamer.csproj", "{55B776B8-F29F-4ED0-892E-484DA461A8D5}"
EndProject
Project("{FAE04EC0-301F-11D3-BF4B-00C04F79EFBC}") = "AutoRenamerTest", "AutoRenamerTest\AutoRenamerTest.csproj", "{A71957DD-1E1E-4479-8628-4510E76680B1}"
EndProject
Project("{FAE04EC0-301F-11D3-BF4B-00C04F79EFBC}") = "ConsoleApplication", "ConsoleApplication\ConsoleApplication.csproj", "{B329A207-DBFF-4FD3-998D-F978A1E7AC46}"
EndProject
Project("{54435603-DBB4-11D2-8724-00A0C9A8B90C}") = "Setup", "Setup\Setup.vdproj", "{D2F01179-4FCA-47E5-A0DF-2983C39C1CAE}"
EndProject
Global
	GlobalSection(SolutionConfigurationPlatforms) = preSolution
		Debug|Any CPU = Debug|Any CPU
		Release|Any CPU = Release|Any CPU
	EndGlobalSection
	GlobalSection(ProjectConfigurationPlatforms) = postSolution
		{55B776B8-F29F-4ED0-892E-484DA461A8D5}.Debug|Any CPU.ActiveCfg = Debug|Any CPU
		{55B776B8-F29F-4ED0-892E-484DA461A8D5}.Debug|Any CPU.Build.0 = Debug|Any CPU
		{55B776B8-F29F-4ED0-892E-484DA461A8D5}.Release|Any CPU.ActiveCfg = Release|Any CPU
		{55B776B8-F29F-4ED0-892E-484DA461A8D5}.Release|Any CPU.Build.0 = Release|Any CPU
		{A71957DD-1E1E-4479-8628-4510E76680B1}.Debug|Any CPU.ActiveCfg = Debug|Any CPU
		{A71957DD-1E1E-4479-8628-4510E76680B1}.Debug|Any CPU.Build.0 = Debug|Any CPU
		{A71957DD-1E1E-4479-8628-4510E76680B1}.Release|Any CPU.ActiveCfg = Release|Any CPU
		{A71957DD-1E1E-4479-8628-4510E76680B1}.Release|Any CPU.Build.0 = Release|Any CPU
		{B329A207-DBFF-4FD3-998D-F978A1E7AC46}.Debug|Any CPU.ActiveCfg = Debug|Any CPU
		{B329A207-DBFF-4FD3-998D-F978A1E7AC46}.Debug|Any CPU.Build.0 = Debug|Any CPU
		{B329A207-DBFF-4FD3-998D-F978A1E7AC46}.Release|Any CPU.ActiveCfg = Release|Any CPU
		{B329A207-DBFF-4FD3-998D-F978A1E7AC46}.Release|Any CPU.Build.0 = Release|Any CPU
		{D2F01179-4FCA-47E5-A0DF-2983C39C1CAE}.Debug|Any CPU.ActiveCfg = Debug
		{D2F01179-4FCA-47E5-A0DF-2983C39C1CAE}.Release|Any CPU.ActiveCfg = Release
	EndGlobalSection
	GlobalSection(SolutionProperties) = preSolution
		HideSolutionNode = FALSE
	EndGlobalSection
EndGlobal
